
Microsoft Visual Studio Solution File, Format Version 12.00
Project("{FAE04EC0-301F-11D3-BF4B-00C04F79EFBC}") = "UnderstandingTypes", "UnderstandingTypes\UnderstandingTypes.csproj", "{36170BC0-D5D7-4BFD-BDF4-F1156633484A}"
EndProject
Global
	GlobalSection(SolutionConfigurationPlatforms) = preSolution
		Debug|Any CPU = Debug|Any CPU
		Release|Any CPU = Release|Any CPU
	EndGlobalSection
	GlobalSection(ProjectConfigurationPlatforms) = postSolution
		{36170BC0-D5D7-4BFD-BDF4-F1156633484A}.Debug|Any CPU.ActiveCfg = Debug|Any CPU
		{36170BC0-D5D7-4BFD-BDF4-F1156633484A}.Debug|Any CPU.Build.0 = Debug|Any CPU
		{36170BC0-D5D7-4BFD-BDF4-F1156633484A}.Release|Any CPU.ActiveCfg = Release|Any CPU
		{36170BC0-D5D7-4BFD-BDF4-F1156633484A}.Release|Any CPU.Build.0 = Release|Any CPU
	EndGlobalSection
EndGlobal
